{
  "version": 4,
  "terraform_version": "1.5.5",
  "serial": 1,
  "lineage": "60d9cd7b-59f4-c2dd-4d68-42d6486122d3",
  "outputs": {},
  "resources": [
    {
      "mode": "data",
      "type": "local_file",
      "name": "my_input",
      "provider": "provider[\"registry.terraform.io/hashicorp/local\"]",
      "instances": [
        {
          "schema_version": 0,
          "attributes": {
            "content": "hello",
            "content_base64": "aGVsbG8=",
            "content_base64sha256": "LPJNul+wow4m6DsqxbninhsWHlwfp0JecwQzYpOLmCQ=",
            "content_base64sha512": "m3HSJL1i83hdltRq0+o9czGb+8KJDKra4t/3JRlnPKcjI8PZm6XBHXx6zG4UuMXaDEZjR1wuXDre9G9zvN7AQw==",
            "content_md5": "5d41402abc4b2a76b9719d911017c592",
            "content_sha1": "aaf4c61ddcc5e8a2dabede0f3b482cd9aea9434d",
            "content_sha256": "2cf24dba5fb0a30e26e83b2ac5b9e29e1b161e5c1fa7425e73043362938b9824",
            "content_sha512": "9b71d224bd62f3785d96d46ad3ea3d73319bfbc2890caadae2dff72519673ca72323c3d99ba5c11d7c7acc6e14b8c5da0c4663475c2e5c3adef46f73bcdec043",
            "filename": "throwaway/input.txt",
            "id": "aaf4c61ddcc5e8a2dabede0f3b482cd9aea9434d"
          },
          "sensitive_attributes": []
        }
      ]
    },
    {
      "mode": "managed",
      "type": "local_file",
      "name": "my_output",
      "provider": "provider[\"registry.terraform.io/hashicorp/local\"]",
      "instances": [
        {
          "schema_version": 0,
          "attributes": {
            "content": "hello world",
            "content_base64": null,
            "content_base64sha256": "uU0nuZNNPgilLlLX2n2r+sSE7+N6U4DukIj3rOLvzek=",
            "content_base64sha512": "MJ7MSJwS1utMxA9QyQLytNDtd+5RGnx6m808qG1M2G+YndNbxf9JlnDaNCVbRbDP2DDoH2Bdz33FVC6TrpzXbw==",
            "content_md5": "5eb63bbbe01eeed093cb22bb8f5acdc3",
            "content_sha1": "2aae6c35c94fcfb415dbe95f408b9ce91ee846ed",
            "content_sha256": "b94d27b9934d3e08a52e52d7da7dabfac484efe37a5380ee9088f7ace2efcde9",
            "content_sha512": "309ecc489c12d6eb4cc40f50c902f2b4d0ed77ee511a7c7a9bcd3ca86d4cd86f989dd35bc5ff499670da34255b45b0cfd830e81f605dcf7dc5542e93ae9cd76f",
            "directory_permission": "0777",
            "file_permission": "0777",
            "filename": "throwaway/output.txt",
            "id": "2aae6c35c94fcfb415dbe95f408b9ce91ee846ed",
            "sensitive_content": null,
            "source": null
          },
          "sensitive_attributes": [],
          "dependencies": [
            "data.local_file.my_input"
          ]
        }
      ]
    }
  ],
  "check_results": null
}
