lockfileVersion: '6.0'

settings:
  autoInstallPeers: true
  excludeLinksFromLockfile: false

devDependencies:
  '@-0/build-lambda-py':
    specifier: ^1.0.4
    version: 1.0.4
  lambda:
    specifier: file:node_modules/@-0/build-lambda-py
    version: file:node_modules/@-0/build-lambda-py

packages:

  /@-0/build-lambda-py@1.0.4:
    resolution: {integrity: sha512-qrSGiSe4CDcfm9UWtogqmSKAA2nQSi3uwTy/XDIGHdRoMTaxd2l7nf+GteRjXVlRVMEiNF10URUHdnoP8p1Dxg==}
    hasBin: true
    dependencies:
      commander: 11.0.0
    dev: true

  /commander@11.0.0:
    resolution: {integrity: sha512-9HMlXtt/BNoYr8ooyjjNRdIilOTkVJXB+GhxMTtOKwk0R4j4lS4NpjuqmRxroBfnfTSHQIHQB7wryHhXarNjmQ==}
    engines: {node: '>=16'}
    dev: true

  file:node_modules/@-0/build-lambda-py:
    resolution: {directory: node_modules/@-0/build-lambda-py, type: directory}
    name: '@-0/build-lambda-py'
    hasBin: true
    dependencies:
      commander: 11.0.0
    dev: true
